// !$*UTF8*$!
{
	archiveVersion = 1;
	classes = {
	};
	objectVersion = 46;
	objects = {

/* Begin PBXBuildFile section */
		5B1F830D1E850E4100ABA24C /* AppDelegate.swift in Sources */ = {isa = PBXBuildFile; fileRef = 5B1F830C1E850E4100ABA24C /* AppDelegate.swift */; };
		5B1F83121E850E4100ABA24C /* ClientMain.storyboard in Resources */ = {isa = PBXBuildFile; fileRef = 5B1F83101E850E4100ABA24C /* ClientMain.storyboard */; };
		5B1F83171E850E4100ABA24C /* LaunchScreen.storyboard in Resources */ = {isa = PBXBuildFile; fileRef = 5B1F83151E850E4100ABA24C /* LaunchScreen.storyboard */; };
		5B1F83221E850E4100ABA24C /* PursuitTests.swift in Sources */ = {isa = PBXBuildFile; fileRef = 5B1F83211E850E4100ABA24C /* PursuitTests.swift */; };
		5B1F832D1E850E4100ABA24C /* PursuitUITests.swift in Sources */ = {isa = PBXBuildFile; fileRef = 5B1F832C1E850E4100ABA24C /* PursuitUITests.swift */; };
		5B1F833C1E851B5600ABA24C /* UIColor+RGB.swift in Sources */ = {isa = PBXBuildFile; fileRef = 5B1F833B1E851B5600ABA24C /* UIColor+RGB.swift */; };
		5BE0D0481EC588A000B11C50 /* TrainerMain.storyboard in Resources */ = {isa = PBXBuildFile; fileRef = 5BE0D0471EC588A000B11C50 /* TrainerMain.storyboard */; };
		5BE3A1B81EB314F9005B35CD /* Login.storyboard in Resources */ = {isa = PBXBuildFile; fileRef = 5BE3A1B71EB314F9005B35CD /* Login.storyboard */; };
		5BE3A1C21EB318B7005B35CD /* ViewControllerExt.swift in Sources */ = {isa = PBXBuildFile; fileRef = 5BE3A1C11EB318B7005B35CD /* ViewControllerExt.swift */; };
		5BE3A1CB1EB3196A005B35CD /* SignInCell.swift in Sources */ = {isa = PBXBuildFile; fileRef = 5BE3A1C51EB3196A005B35CD /* SignInCell.swift */; };
		5BE3A1CC1EB3196A005B35CD /* SignInCell.xib in Resources */ = {isa = PBXBuildFile; fileRef = 5BE3A1C61EB3196A005B35CD /* SignInCell.xib */; };
		5BE3A1CD1EB3196A005B35CD /* SignUpCell.swift in Sources */ = {isa = PBXBuildFile; fileRef = 5BE3A1C71EB3196A005B35CD /* SignUpCell.swift */; };
		5BE3A1CE1EB3196A005B35CD /* SignUpCell.xib in Resources */ = {isa = PBXBuildFile; fileRef = 5BE3A1C81EB3196A005B35CD /* SignUpCell.xib */; };
		5BE3A1CF1EB3196A005B35CD /* ForgotPasswordCell.swift in Sources */ = {isa = PBXBuildFile; fileRef = 5BE3A1C91EB3196A005B35CD /* ForgotPasswordCell.swift */; };
		5BE3A1D01EB3196A005B35CD /* ForgotPasswordCell.xib in Resources */ = {isa = PBXBuildFile; fileRef = 5BE3A1CA1EB3196A005B35CD /* ForgotPasswordCell.xib */; };
		5BE3A1D51EB319E5005B35CD /* DezappTextField.swift in Sources */ = {isa = PBXBuildFile; fileRef = 5BE3A1D21EB319E5005B35CD /* DezappTextField.swift */; };
		5BE3A1D61EB319E5005B35CD /* DezappLabel.swift in Sources */ = {isa = PBXBuildFile; fileRef = 5BE3A1D31EB319E5005B35CD /* DezappLabel.swift */; };
		5BE3A1D71EB319E5005B35CD /* DezappButton.swift in Sources */ = {isa = PBXBuildFile; fileRef = 5BE3A1D41EB319E5005B35CD /* DezappButton.swift */; };
		5BE3A1DA1EB7029E005B35CD /* LoginModel.swift in Sources */ = {isa = PBXBuildFile; fileRef = 5BE3A1D91EB7029E005B35CD /* LoginModel.swift */; };
		780D8E901F4360FE0030A992 /* Template.swift in Sources */ = {isa = PBXBuildFile; fileRef = 780D8E8F1F4360FE0030A992 /* Template.swift */; };
		780D8E961F44DAD90030A992 /* UINavigationBar.swift in Sources */ = {isa = PBXBuildFile; fileRef = 780D8E951F44DAD90030A992 /* UINavigationBar.swift */; };
		78179B871F54977500520D08 /* User.swift in Sources */ = {isa = PBXBuildFile; fileRef = 78179B861F54977500520D08 /* User.swift */; };
		78179B891F54982C00520D08 /* User+API.swift in Sources */ = {isa = PBXBuildFile; fileRef = 78179B881F54982C00520D08 /* User+API.swift */; };
		7832AFE71F331CAB00BC8116 /* MainAuthVC.swift in Sources */ = {isa = PBXBuildFile; fileRef = 7832AFE61F331CAB00BC8116 /* MainAuthVC.swift */; };
		7832AFE91F331D1D00BC8116 /* SignUpVC.swift in Sources */ = {isa = PBXBuildFile; fileRef = 7832AFE81F331D1D00BC8116 /* SignUpVC.swift */; };
		7832AFEB1F331D2600BC8116 /* SignInVC.swift in Sources */ = {isa = PBXBuildFile; fileRef = 7832AFEA1F331D2600BC8116 /* SignInVC.swift */; };
		788EE8981F34DD5500DD8A98 /* TrainingVC.swift in Sources */ = {isa = PBXBuildFile; fileRef = 788EE8971F34DD5500DD8A98 /* TrainingVC.swift */; };
		788EE89C1F34E68300DD8A98 /* TrainingTableViewCell.swift in Sources */ = {isa = PBXBuildFile; fileRef = 788EE89A1F34E68300DD8A98 /* TrainingTableViewCell.swift */; };
		788EE89D1F34E68300DD8A98 /* TrainingTableViewCell.xib in Resources */ = {isa = PBXBuildFile; fileRef = 788EE89B1F34E68300DD8A98 /* TrainingTableViewCell.xib */; };
		788EE8A01F379ACA00DD8A98 /* CreateTemplateVC.swift in Sources */ = {isa = PBXBuildFile; fileRef = 788EE89F1F379ACA00DD8A98 /* CreateTemplateVC.swift */; };
		7892A8911F4B411400BDCD79 /* UINavigationItem+leftTitle.swift in Sources */ = {isa = PBXBuildFile; fileRef = 7892A8901F4B411400BDCD79 /* UINavigationItem+leftTitle.swift */; };
		78A422EB1F3CBF2000597913 /* ForgotPasswordViewController.swift in Sources */ = {isa = PBXBuildFile; fileRef = 78A422EA1F3CBF2000597913 /* ForgotPasswordViewController.swift */; };
		78BBA6851F4B63C00037E7DF /* UIBarButtonItem+label.swift in Sources */ = {isa = PBXBuildFile; fileRef = 78BBA6841F4B63C00037E7DF /* UIBarButtonItem+label.swift */; };
		78CE34B91F38FDDE002BD31D /* TabPageOption.swift in Sources */ = {isa = PBXBuildFile; fileRef = 78CE34B81F38FDDE002BD31D /* TabPageOption.swift */; };
		78CE34C11F38FDF2002BD31D /* TabView.xib in Resources */ = {isa = PBXBuildFile; fileRef = 78CE34BA1F38FDF2002BD31D /* TabView.xib */; };
		78CE34C21F38FDF2002BD31D /* TabView.swift in Sources */ = {isa = PBXBuildFile; fileRef = 78CE34BB1F38FDF2002BD31D /* TabView.swift */; };
		78CE34C31F38FDF2002BD31D /* TabPageViewController.swift in Sources */ = {isa = PBXBuildFile; fileRef = 78CE34BC1F38FDF2002BD31D /* TabPageViewController.swift */; };
		78CE34C41F38FDF2002BD31D /* TabPageViewController.storyboard in Resources */ = {isa = PBXBuildFile; fileRef = 78CE34BD1F38FDF2002BD31D /* TabPageViewController.storyboard */; };
		78CE34C51F38FDF2002BD31D /* TabCollectionCell.xib in Resources */ = {isa = PBXBuildFile; fileRef = 78CE34BF1F38FDF2002BD31D /* TabCollectionCell.xib */; };
		78CE34C61F38FDF2002BD31D /* TabCollectionCell.swift in Sources */ = {isa = PBXBuildFile; fileRef = 78CE34C01F38FDF2002BD31D /* TabCollectionCell.swift */; };
		78E4438C1F40DFDF00525F7A /* ScheduleClienCell.swift in Sources */ = {isa = PBXBuildFile; fileRef = 78E4438A1F40DFDF00525F7A /* ScheduleClienCell.swift */; };
		78E4438D1F40DFDF00525F7A /* ScheduleClienCell.xib in Resources */ = {isa = PBXBuildFile; fileRef = 78E4438B1F40DFDF00525F7A /* ScheduleClienCell.xib */; };
		78E4438F1F40E3EB00525F7A /* CustomTextField.swift in Sources */ = {isa = PBXBuildFile; fileRef = 78E4438E1F40E3EB00525F7A /* CustomTextField.swift */; };
		78FA53DF1F47794200C38413 /* DateFormater+formats.swift in Sources */ = {isa = PBXBuildFile; fileRef = 78FA53DE1F47794200C38413 /* DateFormater+formats.swift */; };
		842EBD1C1F3313C300A3169F /* ScheduleVC.swift in Sources */ = {isa = PBXBuildFile; fileRef = 842EBD1B1F3313C300A3169F /* ScheduleVC.swift */; };
		842EBD1F1F3313E100A3169F /* ScheduleCell.swift in Sources */ = {isa = PBXBuildFile; fileRef = 842EBD1D1F3313E100A3169F /* ScheduleCell.swift */; };
		842EBD201F3313E100A3169F /* ScheduleCell.xib in Resources */ = {isa = PBXBuildFile; fileRef = 842EBD1E1F3313E100A3169F /* ScheduleCell.xib */; };
		842EBD221F3313EE00A3169F /* ScheduleClientVC.swift in Sources */ = {isa = PBXBuildFile; fileRef = 842EBD211F3313EE00A3169F /* ScheduleClientVC.swift */; };
		842EBD261F33142B00A3169F /* TemplatesVC.swift in Sources */ = {isa = PBXBuildFile; fileRef = 842EBD251F33142B00A3169F /* TemplatesVC.swift */; };
		842EBD291F33143200A3169F /* TemplateCell.swift in Sources */ = {isa = PBXBuildFile; fileRef = 842EBD271F33143200A3169F /* TemplateCell.swift */; };
		842EBD2A1F33143200A3169F /* TemplateCell.xib in Resources */ = {isa = PBXBuildFile; fileRef = 842EBD281F33143200A3169F /* TemplateCell.xib */; };
		842EBD2F1F33163800A3169F /* CalendarCell.swift in Sources */ = {isa = PBXBuildFile; fileRef = 842EBD2E1F33163800A3169F /* CalendarCell.swift */; };
		842EBD311F33176F00A3169F /* Assets.xcassets in Resources */ = {isa = PBXBuildFile; fileRef = 842EBD301F33176F00A3169F /* Assets.xcassets */; };
		842EBD331F33181700A3169F /* TrainerTBC.swift in Sources */ = {isa = PBXBuildFile; fileRef = 842EBD321F33181700A3169F /* TrainerTBC.swift */; };
		842EBD381F33188900A3169F /* ExampleBasicContentView.swift in Sources */ = {isa = PBXBuildFile; fileRef = 842EBD351F33188900A3169F /* ExampleBasicContentView.swift */; };
		842EBD391F33188900A3169F /* ExampleBouncesContentView.swift in Sources */ = {isa = PBXBuildFile; fileRef = 842EBD361F33188900A3169F /* ExampleBouncesContentView.swift */; };
		842EBD3A1F33188900A3169F /* ExampleIrregularityContentView.swift in Sources */ = {isa = PBXBuildFile; fileRef = 842EBD371F33188900A3169F /* ExampleIrregularityContentView.swift */; };
		84AB4D4E1F324A3600531740 /* PursuitNVC.swift in Sources */ = {isa = PBXBuildFile; fileRef = 84AB4D4D1F324A3600531740 /* PursuitNVC.swift */; };
		84AB4D731F32826700531740 /* BBBXIBView.m in Sources */ = {isa = PBXBuildFile; fileRef = 84AB4D721F32826700531740 /* BBBXIBView.m */; };
		84AB4D771F32829900531740 /* CALayer+BBBProperty.m in Sources */ = {isa = PBXBuildFile; fileRef = 84AB4D761F32829900531740 /* CALayer+BBBProperty.m */; };
		84AB4D7B1F3282A400531740 /* NSObject+BBBMultyThhreading.m in Sources */ = {isa = PBXBuildFile; fileRef = 84AB4D7A1F3282A400531740 /* NSObject+BBBMultyThhreading.m */; };
		84AB4D7E1F3282AC00531740 /* TableView+BBBExtension.swift in Sources */ = {isa = PBXBuildFile; fileRef = 84AB4D7D1F3282AC00531740 /* TableView+BBBExtension.swift */; };
		84AB4D821F3282C300531740 /* UINavigationController+removeController.m in Sources */ = {isa = PBXBuildFile; fileRef = 84AB4D811F3282C300531740 /* UINavigationController+removeController.m */; };
		84AB4D861F32831400531740 /* UIView+BBBProperty.m in Sources */ = {isa = PBXBuildFile; fileRef = 84AB4D851F32831400531740 /* UIView+BBBProperty.m */; };
		84AB4D8E1F32845400531740 /* UIView+BBBPlaceWithConstraint.m in Sources */ = {isa = PBXBuildFile; fileRef = 84AB4D8D1F32845400531740 /* UIView+BBBPlaceWithConstraint.m */; };
		84AB4D941F3287DD00531740 /* ServiceProtocol.swift in Sources */ = {isa = PBXBuildFile; fileRef = 84AB4D931F3287DD00531740 /* ServiceProtocol.swift */; };
		84AB4D961F3287F400531740 /* AlamofireService.swift in Sources */ = {isa = PBXBuildFile; fileRef = 84AB4D951F3287F400531740 /* AlamofireService.swift */; };
		84AB4D9B1F32883D00531740 /* PursuitAPIRequests.swift in Sources */ = {isa = PBXBuildFile; fileRef = 84AB4D9A1F32883D00531740 /* PursuitAPIRequests.swift */; };
		84AB4D9D1F32884B00531740 /* PSAPI.swift in Sources */ = {isa = PBXBuildFile; fileRef = 84AB4D9C1F32884B00531740 /* PSAPI.swift */; };
		84AB4DA11F32899000531740 /* ErrorProtocol.swift in Sources */ = {isa = PBXBuildFile; fileRef = 84AB4DA01F32899000531740 /* ErrorProtocol.swift */; };
		84AB4DA31F32899C00531740 /* PSError.swift in Sources */ = {isa = PBXBuildFile; fileRef = 84AB4DA21F32899C00531740 /* PSError.swift */; };
		BA24E7298AB16ECBCDA6225E /* Pods_Pursuit.framework in Frameworks */ = {isa = PBXBuildFile; fileRef = 3AACA94D68877B10D1A45D54 /* Pods_Pursuit.framework */; };
		BBDA2B541ECE6EFA001FB6AD /* ClientCell.swift in Sources */ = {isa = PBXBuildFile; fileRef = BBDA2B521ECE6EFA001FB6AD /* ClientCell.swift */; };
		BBDA2B551ECE6EFA001FB6AD /* ClientCell.xib in Resources */ = {isa = PBXBuildFile; fileRef = BBDA2B531ECE6EFA001FB6AD /* ClientCell.xib */; };
		BBDA2B571ECE7AA6001FB6AD /* ClientsVC.swift in Sources */ = {isa = PBXBuildFile; fileRef = BBDA2B561ECE7AA6001FB6AD /* ClientsVC.swift */; };
/* End PBXBuildFile section */

/* Begin PBXContainerItemProxy section */
		5B1F831E1E850E4100ABA24C /* PBXContainerItemProxy */ = {
			isa = PBXContainerItemProxy;
			containerPortal = 5B1F83011E850E4100ABA24C /* Project object */;
			proxyType = 1;
			remoteGlobalIDString = 5B1F83081E850E4100ABA24C;
			remoteInfo = Pursuit;
		};
		5B1F83291E850E4100ABA24C /* PBXContainerItemProxy */ = {
			isa = PBXContainerItemProxy;
			containerPortal = 5B1F83011E850E4100ABA24C /* Project object */;
			proxyType = 1;
			remoteGlobalIDString = 5B1F83081E850E4100ABA24C;
			remoteInfo = Pursuit;
		};
/* End PBXContainerItemProxy section */

/* Begin PBXFileReference section */
		1A9414D73EF8AD2ED81CD96A /* Pods-Pursuit.debug.xcconfig */ = {isa = PBXFileReference; includeInIndex = 1; lastKnownFileType = text.xcconfig; name = "Pods-Pursuit.debug.xcconfig"; path = "Pods/Target Support Files/Pods-Pursuit/Pods-Pursuit.debug.xcconfig"; sourceTree = "<group>"; };
		3AACA94D68877B10D1A45D54 /* Pods_Pursuit.framework */ = {isa = PBXFileReference; explicitFileType = wrapper.framework; includeInIndex = 0; path = Pods_Pursuit.framework; sourceTree = BUILT_PRODUCTS_DIR; };
		5B1F83091E850E4100ABA24C /* Pursuit.app */ = {isa = PBXFileReference; explicitFileType = wrapper.application; includeInIndex = 0; path = Pursuit.app; sourceTree = BUILT_PRODUCTS_DIR; };
		5B1F830C1E850E4100ABA24C /* AppDelegate.swift */ = {isa = PBXFileReference; lastKnownFileType = sourcecode.swift; path = AppDelegate.swift; sourceTree = "<group>"; };
		5B1F83111E850E4100ABA24C /* Base */ = {isa = PBXFileReference; lastKnownFileType = file.storyboard; name = Base; path = Base.lproj/ClientMain.storyboard; sourceTree = "<group>"; };
		5B1F83161E850E4100ABA24C /* Base */ = {isa = PBXFileReference; lastKnownFileType = file.storyboard; name = Base; path = Base.lproj/LaunchScreen.storyboard; sourceTree = "<group>"; };
		5B1F83181E850E4100ABA24C /* Info.plist */ = {isa = PBXFileReference; lastKnownFileType = text.plist.xml; path = Info.plist; sourceTree = "<group>"; };
		5B1F831D1E850E4100ABA24C /* PursuitTests.xctest */ = {isa = PBXFileReference; explicitFileType = wrapper.cfbundle; includeInIndex = 0; path = PursuitTests.xctest; sourceTree = BUILT_PRODUCTS_DIR; };
		5B1F83211E850E4100ABA24C /* PursuitTests.swift */ = {isa = PBXFileReference; lastKnownFileType = sourcecode.swift; path = PursuitTests.swift; sourceTree = "<group>"; };
		5B1F83231E850E4100ABA24C /* Info.plist */ = {isa = PBXFileReference; lastKnownFileType = text.plist.xml; path = Info.plist; sourceTree = "<group>"; };
		5B1F83281E850E4100ABA24C /* PursuitUITests.xctest */ = {isa = PBXFileReference; explicitFileType = wrapper.cfbundle; includeInIndex = 0; path = PursuitUITests.xctest; sourceTree = BUILT_PRODUCTS_DIR; };
		5B1F832C1E850E4100ABA24C /* PursuitUITests.swift */ = {isa = PBXFileReference; lastKnownFileType = sourcecode.swift; path = PursuitUITests.swift; sourceTree = "<group>"; };
		5B1F832E1E850E4100ABA24C /* Info.plist */ = {isa = PBXFileReference; lastKnownFileType = text.plist.xml; path = Info.plist; sourceTree = "<group>"; };
		5B1F833B1E851B5600ABA24C /* UIColor+RGB.swift */ = {isa = PBXFileReference; fileEncoding = 4; lastKnownFileType = sourcecode.swift; path = "UIColor+RGB.swift"; sourceTree = "<group>"; };
		5BE0D0471EC588A000B11C50 /* TrainerMain.storyboard */ = {isa = PBXFileReference; fileEncoding = 4; lastKnownFileType = file.storyboard; path = TrainerMain.storyboard; sourceTree = "<group>"; };
		5BE3A1B71EB314F9005B35CD /* Login.storyboard */ = {isa = PBXFileReference; fileEncoding = 4; lastKnownFileType = file.storyboard; path = Login.storyboard; sourceTree = "<group>"; };
		5BE3A1C11EB318B7005B35CD /* ViewControllerExt.swift */ = {isa = PBXFileReference; fileEncoding = 4; lastKnownFileType = sourcecode.swift; path = ViewControllerExt.swift; sourceTree = "<group>"; };
		5BE3A1C51EB3196A005B35CD /* SignInCell.swift */ = {isa = PBXFileReference; fileEncoding = 4; lastKnownFileType = sourcecode.swift; path = SignInCell.swift; sourceTree = "<group>"; };
		5BE3A1C61EB3196A005B35CD /* SignInCell.xib */ = {isa = PBXFileReference; fileEncoding = 4; lastKnownFileType = file.xib; path = SignInCell.xib; sourceTree = "<group>"; };
		5BE3A1C71EB3196A005B35CD /* SignUpCell.swift */ = {isa = PBXFileReference; fileEncoding = 4; lastKnownFileType = sourcecode.swift; path = SignUpCell.swift; sourceTree = "<group>"; };
		5BE3A1C81EB3196A005B35CD /* SignUpCell.xib */ = {isa = PBXFileReference; fileEncoding = 4; lastKnownFileType = file.xib; path = SignUpCell.xib; sourceTree = "<group>"; };
		5BE3A1C91EB3196A005B35CD /* ForgotPasswordCell.swift */ = {isa = PBXFileReference; fileEncoding = 4; lastKnownFileType = sourcecode.swift; path = ForgotPasswordCell.swift; sourceTree = "<group>"; };
		5BE3A1CA1EB3196A005B35CD /* ForgotPasswordCell.xib */ = {isa = PBXFileReference; fileEncoding = 4; lastKnownFileType = file.xib; path = ForgotPasswordCell.xib; sourceTree = "<group>"; };
		5BE3A1D21EB319E5005B35CD /* DezappTextField.swift */ = {isa = PBXFileReference; fileEncoding = 4; lastKnownFileType = sourcecode.swift; path = DezappTextField.swift; sourceTree = "<group>"; };
		5BE3A1D31EB319E5005B35CD /* DezappLabel.swift */ = {isa = PBXFileReference; fileEncoding = 4; lastKnownFileType = sourcecode.swift; path = DezappLabel.swift; sourceTree = "<group>"; };
		5BE3A1D41EB319E5005B35CD /* DezappButton.swift */ = {isa = PBXFileReference; fileEncoding = 4; lastKnownFileType = sourcecode.swift; path = DezappButton.swift; sourceTree = "<group>"; };
		5BE3A1D91EB7029E005B35CD /* LoginModel.swift */ = {isa = PBXFileReference; fileEncoding = 4; lastKnownFileType = sourcecode.swift; path = LoginModel.swift; sourceTree = "<group>"; };
		780D8E8F1F4360FE0030A992 /* Template.swift */ = {isa = PBXFileReference; fileEncoding = 4; lastKnownFileType = sourcecode.swift; path = Template.swift; sourceTree = "<group>"; };
		780D8E951F44DAD90030A992 /* UINavigationBar.swift */ = {isa = PBXFileReference; fileEncoding = 4; lastKnownFileType = sourcecode.swift; path = UINavigationBar.swift; sourceTree = "<group>"; };
		78179B861F54977500520D08 /* User.swift */ = {isa = PBXFileReference; fileEncoding = 4; lastKnownFileType = sourcecode.swift; path = User.swift; sourceTree = "<group>"; };
		78179B881F54982C00520D08 /* User+API.swift */ = {isa = PBXFileReference; fileEncoding = 4; lastKnownFileType = sourcecode.swift; path = "User+API.swift"; sourceTree = "<group>"; };
		7832AFE61F331CAB00BC8116 /* MainAuthVC.swift */ = {isa = PBXFileReference; fileEncoding = 4; lastKnownFileType = sourcecode.swift; path = MainAuthVC.swift; sourceTree = "<group>"; };
		7832AFE81F331D1D00BC8116 /* SignUpVC.swift */ = {isa = PBXFileReference; fileEncoding = 4; lastKnownFileType = sourcecode.swift; path = SignUpVC.swift; sourceTree = "<group>"; };
		7832AFEA1F331D2600BC8116 /* SignInVC.swift */ = {isa = PBXFileReference; fileEncoding = 4; lastKnownFileType = sourcecode.swift; path = SignInVC.swift; sourceTree = "<group>"; };
		788EE8971F34DD5500DD8A98 /* TrainingVC.swift */ = {isa = PBXFileReference; fileEncoding = 4; lastKnownFileType = sourcecode.swift; path = TrainingVC.swift; sourceTree = "<group>"; };
		788EE89A1F34E68300DD8A98 /* TrainingTableViewCell.swift */ = {isa = PBXFileReference; fileEncoding = 4; lastKnownFileType = sourcecode.swift; path = TrainingTableViewCell.swift; sourceTree = "<group>"; };
		788EE89B1F34E68300DD8A98 /* TrainingTableViewCell.xib */ = {isa = PBXFileReference; fileEncoding = 4; lastKnownFileType = file.xib; path = TrainingTableViewCell.xib; sourceTree = "<group>"; };
		788EE89F1F379ACA00DD8A98 /* CreateTemplateVC.swift */ = {isa = PBXFileReference; fileEncoding = 4; lastKnownFileType = sourcecode.swift; path = CreateTemplateVC.swift; sourceTree = "<group>"; };
		7892A8901F4B411400BDCD79 /* UINavigationItem+leftTitle.swift */ = {isa = PBXFileReference; fileEncoding = 4; lastKnownFileType = sourcecode.swift; path = "UINavigationItem+leftTitle.swift"; sourceTree = "<group>"; };
		78A422EA1F3CBF2000597913 /* ForgotPasswordViewController.swift */ = {isa = PBXFileReference; fileEncoding = 4; lastKnownFileType = sourcecode.swift; path = ForgotPasswordViewController.swift; sourceTree = "<group>"; };
		78BBA6841F4B63C00037E7DF /* UIBarButtonItem+label.swift */ = {isa = PBXFileReference; fileEncoding = 4; lastKnownFileType = sourcecode.swift; path = "UIBarButtonItem+label.swift"; sourceTree = "<group>"; };
		78CE34B81F38FDDE002BD31D /* TabPageOption.swift */ = {isa = PBXFileReference; fileEncoding = 4; lastKnownFileType = sourcecode.swift; name = TabPageOption.swift; path = Pursuit/TabPageOption.swift; sourceTree = SOURCE_ROOT; };
		78CE34BA1F38FDF2002BD31D /* TabView.xib */ = {isa = PBXFileReference; fileEncoding = 4; lastKnownFileType = file.xib; name = TabView.xib; path = Pursuit/TabView.xib; sourceTree = SOURCE_ROOT; };
		78CE34BB1F38FDF2002BD31D /* TabView.swift */ = {isa = PBXFileReference; fileEncoding = 4; lastKnownFileType = sourcecode.swift; name = TabView.swift; path = Pursuit/TabView.swift; sourceTree = SOURCE_ROOT; };
		78CE34BC1F38FDF2002BD31D /* TabPageViewController.swift */ = {isa = PBXFileReference; fileEncoding = 4; lastKnownFileType = sourcecode.swift; name = TabPageViewController.swift; path = Pursuit/TabPageViewController.swift; sourceTree = SOURCE_ROOT; };
		78CE34BD1F38FDF2002BD31D /* TabPageViewController.storyboard */ = {isa = PBXFileReference; fileEncoding = 4; lastKnownFileType = file.storyboard; name = TabPageViewController.storyboard; path = Pursuit/TabPageViewController.storyboard; sourceTree = SOURCE_ROOT; };
		78CE34BE1F38FDF2002BD31D /* TabPageViewController.h */ = {isa = PBXFileReference; fileEncoding = 4; lastKnownFileType = sourcecode.c.h; name = TabPageViewController.h; path = Pursuit/TabPageViewController.h; sourceTree = SOURCE_ROOT; };
		78CE34BF1F38FDF2002BD31D /* TabCollectionCell.xib */ = {isa = PBXFileReference; fileEncoding = 4; lastKnownFileType = file.xib; name = TabCollectionCell.xib; path = Pursuit/TabCollectionCell.xib; sourceTree = SOURCE_ROOT; };
		78CE34C01F38FDF2002BD31D /* TabCollectionCell.swift */ = {isa = PBXFileReference; fileEncoding = 4; lastKnownFileType = sourcecode.swift; name = TabCollectionCell.swift; path = Pursuit/TabCollectionCell.swift; sourceTree = SOURCE_ROOT; };
		78E4438A1F40DFDF00525F7A /* ScheduleClienCell.swift */ = {isa = PBXFileReference; fileEncoding = 4; lastKnownFileType = sourcecode.swift; path = ScheduleClienCell.swift; sourceTree = "<group>"; };
		78E4438B1F40DFDF00525F7A /* ScheduleClienCell.xib */ = {isa = PBXFileReference; fileEncoding = 4; lastKnownFileType = file.xib; path = ScheduleClienCell.xib; sourceTree = "<group>"; };
		78E4438E1F40E3EB00525F7A /* CustomTextField.swift */ = {isa = PBXFileReference; fileEncoding = 4; lastKnownFileType = sourcecode.swift; path = CustomTextField.swift; sourceTree = "<group>"; };
		78FA53DE1F47794200C38413 /* DateFormater+formats.swift */ = {isa = PBXFileReference; fileEncoding = 4; lastKnownFileType = sourcecode.swift; path = "DateFormater+formats.swift"; sourceTree = "<group>"; };
		842EBD1B1F3313C300A3169F /* ScheduleVC.swift */ = {isa = PBXFileReference; fileEncoding = 4; lastKnownFileType = sourcecode.swift; path = ScheduleVC.swift; sourceTree = "<group>"; };
		842EBD1D1F3313E100A3169F /* ScheduleCell.swift */ = {isa = PBXFileReference; fileEncoding = 4; lastKnownFileType = sourcecode.swift; path = ScheduleCell.swift; sourceTree = "<group>"; };
		842EBD1E1F3313E100A3169F /* ScheduleCell.xib */ = {isa = PBXFileReference; fileEncoding = 4; lastKnownFileType = file.xib; path = ScheduleCell.xib; sourceTree = "<group>"; };
		842EBD211F3313EE00A3169F /* ScheduleClientVC.swift */ = {isa = PBXFileReference; fileEncoding = 4; lastKnownFileType = sourcecode.swift; path = ScheduleClientVC.swift; sourceTree = "<group>"; };
		842EBD251F33142B00A3169F /* TemplatesVC.swift */ = {isa = PBXFileReference; fileEncoding = 4; lastKnownFileType = sourcecode.swift; path = TemplatesVC.swift; sourceTree = "<group>"; };
		842EBD271F33143200A3169F /* TemplateCell.swift */ = {isa = PBXFileReference; fileEncoding = 4; lastKnownFileType = sourcecode.swift; path = TemplateCell.swift; sourceTree = "<group>"; };
		842EBD281F33143200A3169F /* TemplateCell.xib */ = {isa = PBXFileReference; fileEncoding = 4; lastKnownFileType = file.xib; path = TemplateCell.xib; sourceTree = "<group>"; };
		842EBD2E1F33163800A3169F /* CalendarCell.swift */ = {isa = PBXFileReference; fileEncoding = 4; lastKnownFileType = sourcecode.swift; path = CalendarCell.swift; sourceTree = "<group>"; };
		842EBD301F33176F00A3169F /* Assets.xcassets */ = {isa = PBXFileReference; lastKnownFileType = folder.assetcatalog; path = Assets.xcassets; sourceTree = "<group>"; };
		842EBD321F33181700A3169F /* TrainerTBC.swift */ = {isa = PBXFileReference; fileEncoding = 4; lastKnownFileType = sourcecode.swift; path = TrainerTBC.swift; sourceTree = "<group>"; };
		842EBD351F33188900A3169F /* ExampleBasicContentView.swift */ = {isa = PBXFileReference; fileEncoding = 4; lastKnownFileType = sourcecode.swift; path = ExampleBasicContentView.swift; sourceTree = "<group>"; };
		842EBD361F33188900A3169F /* ExampleBouncesContentView.swift */ = {isa = PBXFileReference; fileEncoding = 4; lastKnownFileType = sourcecode.swift; path = ExampleBouncesContentView.swift; sourceTree = "<group>"; };
		842EBD371F33188900A3169F /* ExampleIrregularityContentView.swift */ = {isa = PBXFileReference; fileEncoding = 4; lastKnownFileType = sourcecode.swift; path = ExampleIrregularityContentView.swift; sourceTree = "<group>"; };
		84AB4D4D1F324A3600531740 /* PursuitNVC.swift */ = {isa = PBXFileReference; fileEncoding = 4; lastKnownFileType = sourcecode.swift; path = PursuitNVC.swift; sourceTree = "<group>"; };
		84AB4D711F32826700531740 /* BBBXIBView.h */ = {isa = PBXFileReference; fileEncoding = 4; lastKnownFileType = sourcecode.c.h; path = BBBXIBView.h; sourceTree = "<group>"; };
		84AB4D721F32826700531740 /* BBBXIBView.m */ = {isa = PBXFileReference; fileEncoding = 4; lastKnownFileType = sourcecode.c.objc; path = BBBXIBView.m; sourceTree = "<group>"; };
		84AB4D751F32829900531740 /* CALayer+BBBProperty.h */ = {isa = PBXFileReference; fileEncoding = 4; lastKnownFileType = sourcecode.c.h; path = "CALayer+BBBProperty.h"; sourceTree = "<group>"; };
		84AB4D761F32829900531740 /* CALayer+BBBProperty.m */ = {isa = PBXFileReference; fileEncoding = 4; lastKnownFileType = sourcecode.c.objc; path = "CALayer+BBBProperty.m"; sourceTree = "<group>"; };
		84AB4D791F3282A400531740 /* NSObject+BBBMultyThhreading.h */ = {isa = PBXFileReference; fileEncoding = 4; lastKnownFileType = sourcecode.c.h; path = "NSObject+BBBMultyThhreading.h"; sourceTree = "<group>"; };
		84AB4D7A1F3282A400531740 /* NSObject+BBBMultyThhreading.m */ = {isa = PBXFileReference; fileEncoding = 4; lastKnownFileType = sourcecode.c.objc; path = "NSObject+BBBMultyThhreading.m"; sourceTree = "<group>"; };
		84AB4D7D1F3282AC00531740 /* TableView+BBBExtension.swift */ = {isa = PBXFileReference; fileEncoding = 4; lastKnownFileType = sourcecode.swift; path = "TableView+BBBExtension.swift"; sourceTree = "<group>"; };
		84AB4D801F3282C300531740 /* UINavigationController+removeController.h */ = {isa = PBXFileReference; fileEncoding = 4; lastKnownFileType = sourcecode.c.h; path = "UINavigationController+removeController.h"; sourceTree = "<group>"; };
		84AB4D811F3282C300531740 /* UINavigationController+removeController.m */ = {isa = PBXFileReference; fileEncoding = 4; lastKnownFileType = sourcecode.c.objc; path = "UINavigationController+removeController.m"; sourceTree = "<group>"; };
		84AB4D841F32831400531740 /* UIView+BBBProperty.h */ = {isa = PBXFileReference; fileEncoding = 4; lastKnownFileType = sourcecode.c.h; path = "UIView+BBBProperty.h"; sourceTree = "<group>"; };
		84AB4D851F32831400531740 /* UIView+BBBProperty.m */ = {isa = PBXFileReference; fileEncoding = 4; lastKnownFileType = sourcecode.c.objc; path = "UIView+BBBProperty.m"; sourceTree = "<group>"; };
		84AB4D8A1F32836B00531740 /* Pursuit-Bridging-Header.h */ = {isa = PBXFileReference; lastKnownFileType = sourcecode.c.h; path = "Pursuit-Bridging-Header.h"; sourceTree = "<group>"; };
		84AB4D8C1F32845400531740 /* UIView+BBBPlaceWithConstraint.h */ = {isa = PBXFileReference; fileEncoding = 4; lastKnownFileType = sourcecode.c.h; path = "UIView+BBBPlaceWithConstraint.h"; sourceTree = "<group>"; };
		84AB4D8D1F32845400531740 /* UIView+BBBPlaceWithConstraint.m */ = {isa = PBXFileReference; fileEncoding = 4; lastKnownFileType = sourcecode.c.objc; path = "UIView+BBBPlaceWithConstraint.m"; sourceTree = "<group>"; };
		84AB4D931F3287DD00531740 /* ServiceProtocol.swift */ = {isa = PBXFileReference; fileEncoding = 4; lastKnownFileType = sourcecode.swift; path = ServiceProtocol.swift; sourceTree = "<group>"; };
		84AB4D951F3287F400531740 /* AlamofireService.swift */ = {isa = PBXFileReference; fileEncoding = 4; lastKnownFileType = sourcecode.swift; path = AlamofireService.swift; sourceTree = "<group>"; };
		84AB4D9A1F32883D00531740 /* PursuitAPIRequests.swift */ = {isa = PBXFileReference; fileEncoding = 4; lastKnownFileType = sourcecode.swift; path = PursuitAPIRequests.swift; sourceTree = "<group>"; };
		84AB4D9C1F32884B00531740 /* PSAPI.swift */ = {isa = PBXFileReference; fileEncoding = 4; lastKnownFileType = sourcecode.swift; path = PSAPI.swift; sourceTree = "<group>"; };
		84AB4DA01F32899000531740 /* ErrorProtocol.swift */ = {isa = PBXFileReference; fileEncoding = 4; lastKnownFileType = sourcecode.swift; path = ErrorProtocol.swift; sourceTree = "<group>"; };
		84AB4DA21F32899C00531740 /* PSError.swift */ = {isa = PBXFileReference; fileEncoding = 4; lastKnownFileType = sourcecode.swift; path = PSError.swift; sourceTree = "<group>"; };
		BBDA2B521ECE6EFA001FB6AD /* ClientCell.swift */ = {isa = PBXFileReference; fileEncoding = 4; lastKnownFileType = sourcecode.swift; path = ClientCell.swift; sourceTree = "<group>"; };
		BBDA2B531ECE6EFA001FB6AD /* ClientCell.xib */ = {isa = PBXFileReference; fileEncoding = 4; lastKnownFileType = file.xib; path = ClientCell.xib; sourceTree = "<group>"; };
		BBDA2B561ECE7AA6001FB6AD /* ClientsVC.swift */ = {isa = PBXFileReference; fileEncoding = 4; lastKnownFileType = sourcecode.swift; path = ClientsVC.swift; sourceTree = "<group>"; };
		E5925E799CFCCD7566ADA043 /* Pods-Pursuit.release.xcconfig */ = {isa = PBXFileReference; includeInIndex = 1; lastKnownFileType = text.xcconfig; name = "Pods-Pursuit.release.xcconfig"; path = "Pods/Target Support Files/Pods-Pursuit/Pods-Pursuit.release.xcconfig"; sourceTree = "<group>"; };
/* End PBXFileReference section */

/* Begin PBXFrameworksBuildPhase section */
		5B1F83061E850E4100ABA24C /* Frameworks */ = {
			isa = PBXFrameworksBuildPhase;
			buildActionMask = 2147483647;
			files = (
				BA24E7298AB16ECBCDA6225E /* Pods_Pursuit.framework in Frameworks */,
			);
			runOnlyForDeploymentPostprocessing = 0;
		};
		5B1F831A1E850E4100ABA24C /* Frameworks */ = {
			isa = PBXFrameworksBuildPhase;
			buildActionMask = 2147483647;
			files = (
			);
			runOnlyForDeploymentPostprocessing = 0;
		};
		5B1F83251E850E4100ABA24C /* Frameworks */ = {
			isa = PBXFrameworksBuildPhase;
			buildActionMask = 2147483647;
			files = (
			);
			runOnlyForDeploymentPostprocessing = 0;
		};
/* End PBXFrameworksBuildPhase section */

/* Begin PBXGroup section */
		002ED0D60404940A40D38084 /* Frameworks */ = {
			isa = PBXGroup;
			children = (
				3AACA94D68877B10D1A45D54 /* Pods_Pursuit.framework */,
			);
			name = Frameworks;
			sourceTree = "<group>";
		};
		5B1F83001E850E4100ABA24C = {
			isa = PBXGroup;
			children = (
				5B1F830B1E850E4100ABA24C /* Pursuit */,
				5B1F83201E850E4100ABA24C /* PursuitTests */,
				5B1F832B1E850E4100ABA24C /* PursuitUITests */,
				5B1F830A1E850E4100ABA24C /* Products */,
				FD30BF9625787EF645A8E397 /* Pods */,
				002ED0D60404940A40D38084 /* Frameworks */,
			);
			sourceTree = "<group>";
		};
		5B1F830A1E850E4100ABA24C /* Products */ = {
			isa = PBXGroup;
			children = (
				5B1F83091E850E4100ABA24C /* Pursuit.app */,
				5B1F831D1E850E4100ABA24C /* PursuitTests.xctest */,
				5B1F83281E850E4100ABA24C /* PursuitUITests.xctest */,
			);
			name = Products;
			sourceTree = "<group>";
		};
		5B1F830B1E850E4100ABA24C /* Pursuit */ = {
			isa = PBXGroup;
			children = (
				84AB4D6E1F32821900531740 /* Resources */,
				84AB4D4F1F327C8A00531740 /* Application */,
			);
			path = Pursuit;
			sourceTree = "<group>";
		};
		5B1F83201E850E4100ABA24C /* PursuitTests */ = {
			isa = PBXGroup;
			children = (
				5B1F83211E850E4100ABA24C /* PursuitTests.swift */,
				5B1F83231E850E4100ABA24C /* Info.plist */,
			);
			path = PursuitTests;
			sourceTree = "<group>";
		};
		5B1F832B1E850E4100ABA24C /* PursuitUITests */ = {
			isa = PBXGroup;
			children = (
				5B1F832C1E850E4100ABA24C /* PursuitUITests.swift */,
				5B1F832E1E850E4100ABA24C /* Info.plist */,
			);
			path = PursuitUITests;
			sourceTree = "<group>";
		};
		780D8E8E1F4360D00030A992 /* Template */ = {
			isa = PBXGroup;
			children = (
				780D8E8F1F4360FE0030A992 /* Template.swift */,
			);
			name = Template;
			sourceTree = "<group>";
		};
		780D8E941F44DABF0030A992 /* UINavigationBar */ = {
			isa = PBXGroup;
			children = (
				780D8E951F44DAD90030A992 /* UINavigationBar.swift */,
			);
			name = UINavigationBar;
			sourceTree = "<group>";
		};
		782264451F507A3000EFD5F9 /* User */ = {
			isa = PBXGroup;
			children = (
				78179B861F54977500520D08 /* User.swift */,
				78179B881F54982C00520D08 /* User+API.swift */,
			);
			name = User;
			sourceTree = "<group>";
		};
		7832B00C1F33AC6300BC8116 /* TabPageViewController */ = {
			isa = PBXGroup;
			children = (
				78CE34B81F38FDDE002BD31D /* TabPageOption.swift */,
				78CE34BA1F38FDF2002BD31D /* TabView.xib */,
				78CE34BB1F38FDF2002BD31D /* TabView.swift */,
				78CE34BC1F38FDF2002BD31D /* TabPageViewController.swift */,
				78CE34BD1F38FDF2002BD31D /* TabPageViewController.storyboard */,
				78CE34BE1F38FDF2002BD31D /* TabPageViewController.h */,
				78CE34BF1F38FDF2002BD31D /* TabCollectionCell.xib */,
				78CE34C01F38FDF2002BD31D /* TabCollectionCell.swift */,
			);
			name = TabPageViewController;
			path = ../Pods/TabPageViewController;
			sourceTree = "<group>";
		};
		788EE8961F34DD3000DD8A98 /* TrainingVC */ = {
			isa = PBXGroup;
			children = (
				788EE8971F34DD5500DD8A98 /* TrainingVC.swift */,
			);
			name = TrainingVC;
			sourceTree = "<group>";
		};
		788EE8991F34E65900DD8A98 /* TrainingCell */ = {
			isa = PBXGroup;
			children = (
				788EE89A1F34E68300DD8A98 /* TrainingTableViewCell.swift */,
				788EE89B1F34E68300DD8A98 /* TrainingTableViewCell.xib */,
			);
			name = TrainingCell;
			sourceTree = "<group>";
		};
		788EE89E1F379A9F00DD8A98 /* CreateTemplateVC */ = {
			isa = PBXGroup;
			children = (
				788EE89F1F379ACA00DD8A98 /* CreateTemplateVC.swift */,
			);
			name = CreateTemplateVC;
			sourceTree = "<group>";
		};
		7892A8921F4B411900BDCD79 /* UINavigationItem+leftTitle */ = {
			isa = PBXGroup;
			children = (
				7892A8901F4B411400BDCD79 /* UINavigationItem+leftTitle.swift */,
			);
			name = "UINavigationItem+leftTitle";
			sourceTree = "<group>";
		};
		78BBA6831F4B639A0037E7DF /* UIBarButtonItem+label */ = {
			isa = PBXGroup;
			children = (
				78BBA6841F4B63C00037E7DF /* UIBarButtonItem+label.swift */,
			);
			name = "UIBarButtonItem+label";
			sourceTree = "<group>";
		};
		78E443871F40DF9200525F7A /* ScheduleClient */ = {
			isa = PBXGroup;
			children = (
				78E4438A1F40DFDF00525F7A /* ScheduleClienCell.swift */,
				78E4438B1F40DFDF00525F7A /* ScheduleClienCell.xib */,
			);
			name = ScheduleClient;
			sourceTree = "<group>";
		};
		78FA53DD1F47792300C38413 /* Constants */ = {
			isa = PBXGroup;
			children = (
				78FA53DE1F47794200C38413 /* DateFormater+formats.swift */,
			);
			name = Constants;
			sourceTree = "<group>";
		};
		842EBD231F3313FB00A3169F /* ScheduleCell */ = {
			isa = PBXGroup;
			children = (
				842EBD1D1F3313E100A3169F /* ScheduleCell.swift */,
				842EBD1E1F3313E100A3169F /* ScheduleCell.xib */,
			);
			name = ScheduleCell;
			sourceTree = "<group>";
		};
		842EBD241F33140800A3169F /* ScheduleClientVC */ = {
			isa = PBXGroup;
			children = (
				842EBD211F3313EE00A3169F /* ScheduleClientVC.swift */,
				78E4438E1F40E3EB00525F7A /* CustomTextField.swift */,
			);
			name = ScheduleClientVC;
			sourceTree = "<group>";
		};
		842EBD2B1F33143A00A3169F /* TemplateCell */ = {
			isa = PBXGroup;
			children = (
				842EBD271F33143200A3169F /* TemplateCell.swift */,
				842EBD281F33143200A3169F /* TemplateCell.xib */,
			);
			name = TemplateCell;
			sourceTree = "<group>";
		};
		842EBD2C1F33144300A3169F /* TemplatesVC */ = {
			isa = PBXGroup;
			children = (
				842EBD251F33142B00A3169F /* TemplatesVC.swift */,
			);
			name = TemplatesVC;
			sourceTree = "<group>";
		};
		842EBD2D1F33162B00A3169F /* CalendarCell */ = {
			isa = PBXGroup;
			children = (
				842EBD2E1F33163800A3169F /* CalendarCell.swift */,
			);
			name = CalendarCell;
			sourceTree = "<group>";
		};
		842EBD341F33186900A3169F /* ESTViews */ = {
			isa = PBXGroup;
			children = (
				842EBD351F33188900A3169F /* ExampleBasicContentView.swift */,
				842EBD361F33188900A3169F /* ExampleBouncesContentView.swift */,
				842EBD371F33188900A3169F /* ExampleIrregularityContentView.swift */,
			);
			name = ESTViews;
			sourceTree = "<group>";
		};
		84AB4D4F1F327C8A00531740 /* Application */ = {
			isa = PBXGroup;
			children = (
				84AB4D511F327C9C00531740 /* UI */,
				84AB4D501F327C9600531740 /* Model */,
			);
			name = Application;
			sourceTree = "<group>";
		};
		84AB4D501F327C9600531740 /* Model */ = {
			isa = PBXGroup;
			children = (
				84AB4D5F1F32803100531740 /* Global */,
				84AB4D5E1F32802800531740 /* Entities */,
			);
			name = Model;
			sourceTree = "<group>";
		};
		84AB4D511F327C9C00531740 /* UI */ = {
			isa = PBXGroup;
			children = (
				84AB4D531F327CFB00531740 /* Global */,
				84AB4D521F327CF100531740 /* Stories */,
			);
			name = UI;
			sourceTree = "<group>";
		};
		84AB4D521F327CF100531740 /* Stories */ = {
			isa = PBXGroup;
			children = (
				84AB4D5C1F327FDC00531740 /* ClientMain */,
				84AB4D581F327F5E00531740 /* TrainerMain */,
				84AB4D551F327E6300531740 /* Login */,
			);
			name = Stories;
			sourceTree = "<group>";
		};
		84AB4D531F327CFB00531740 /* Global */ = {
			isa = PBXGroup;
			children = (
				78FA53DD1F47792300C38413 /* Constants */,
				84AB4D6B1F3281D400531740 /* Extensions */,
				84AB4D631F3280CE00531740 /* Views */,
				84AB4D601F3280A100531740 /* Controllers */,
			);
			name = Global;
			sourceTree = "<group>";
		};
		84AB4D551F327E6300531740 /* Login */ = {
			isa = PBXGroup;
			children = (
				5BE3A1B71EB314F9005B35CD /* Login.storyboard */,
				84AB4D661F32812100531740 /* Cells */,
				84AB4D561F327F2E00531740 /* Controllers */,
			);
			name = Login;
			sourceTree = "<group>";
		};
		84AB4D561F327F2E00531740 /* Controllers */ = {
			isa = PBXGroup;
			children = (
				7832AFEA1F331D2600BC8116 /* SignInVC.swift */,
				7832AFE81F331D1D00BC8116 /* SignUpVC.swift */,
				7832AFE61F331CAB00BC8116 /* MainAuthVC.swift */,
				78A422EA1F3CBF2000597913 /* ForgotPasswordViewController.swift */,
			);
			name = Controllers;
			sourceTree = "<group>";
		};
		84AB4D581F327F5E00531740 /* TrainerMain */ = {
			isa = PBXGroup;
			children = (
				5BE0D0471EC588A000B11C50 /* TrainerMain.storyboard */,
				84AB4D651F32810C00531740 /* Cells */,
				84AB4D591F327F6B00531740 /* Controllers */,
			);
			name = TrainerMain;
			sourceTree = "<group>";
		};
		84AB4D591F327F6B00531740 /* Controllers */ = {
			isa = PBXGroup;
			children = (
				788EE89E1F379A9F00DD8A98 /* CreateTemplateVC */,
				788EE8961F34DD3000DD8A98 /* TrainingVC */,
				842EBD2C1F33144300A3169F /* TemplatesVC */,
				842EBD241F33140800A3169F /* ScheduleClientVC */,
				84AB4D5B1F327FCA00531740 /* ClientsVC */,
				84AB4D5A1F327FC000531740 /* ScheduleVC */,
			);
			name = Controllers;
			sourceTree = "<group>";
		};
		84AB4D5A1F327FC000531740 /* ScheduleVC */ = {
			isa = PBXGroup;
			children = (
				842EBD1B1F3313C300A3169F /* ScheduleVC.swift */,
			);
			name = ScheduleVC;
			sourceTree = "<group>";
		};
		84AB4D5B1F327FCA00531740 /* ClientsVC */ = {
			isa = PBXGroup;
			children = (
				BBDA2B561ECE7AA6001FB6AD /* ClientsVC.swift */,
			);
			name = ClientsVC;
			sourceTree = "<group>";
		};
		84AB4D5C1F327FDC00531740 /* ClientMain */ = {
			isa = PBXGroup;
			children = (
				84AB4D5D1F327FF200531740 /* Controllers */,
				5B1F83101E850E4100ABA24C /* ClientMain.storyboard */,
			);
			name = ClientMain;
			sourceTree = "<group>";
		};
		84AB4D5D1F327FF200531740 /* Controllers */ = {
			isa = PBXGroup;
			children = (
			);
			name = Controllers;
			sourceTree = "<group>";
		};
		84AB4D5E1F32802800531740 /* Entities */ = {
			isa = PBXGroup;
			children = (
				782264451F507A3000EFD5F9 /* User */,
				780D8E8E1F4360D00030A992 /* Template */,
				84AB4D6A1F32819500531740 /* LoginModel */,
			);
			name = Entities;
			sourceTree = "<group>";
		};
		84AB4D5F1F32803100531740 /* Global */ = {
			isa = PBXGroup;
			children = (
				84AB4D9E1F32897500531740 /* Errors */,
				84AB4D8F1F32871C00531740 /* Handlers */,
			);
			name = Global;
			sourceTree = "<group>";
		};
		84AB4D601F3280A100531740 /* Controllers */ = {
			isa = PBXGroup;
			children = (
				84AB4D621F3280B800531740 /* TrainerTBC */,
				84AB4D611F3280AF00531740 /* PursuitNVC */,
			);
			name = Controllers;
			sourceTree = "<group>";
		};
		84AB4D611F3280AF00531740 /* PursuitNVC */ = {
			isa = PBXGroup;
			children = (
				84AB4D4D1F324A3600531740 /* PursuitNVC.swift */,
			);
			name = PursuitNVC;
			sourceTree = "<group>";
		};
		84AB4D621F3280B800531740 /* TrainerTBC */ = {
			isa = PBXGroup;
			children = (
				842EBD321F33181700A3169F /* TrainerTBC.swift */,
			);
			name = TrainerTBC;
			sourceTree = "<group>";
		};
		84AB4D631F3280CE00531740 /* Views */ = {
			isa = PBXGroup;
			children = (
				842EBD341F33186900A3169F /* ESTViews */,
				84AB4D641F3280E500531740 /* Dezapp */,
			);
			name = Views;
			sourceTree = "<group>";
		};
		84AB4D641F3280E500531740 /* Dezapp */ = {
			isa = PBXGroup;
			children = (
				5BE3A1D21EB319E5005B35CD /* DezappTextField.swift */,
				5BE3A1D31EB319E5005B35CD /* DezappLabel.swift */,
				5BE3A1D41EB319E5005B35CD /* DezappButton.swift */,
			);
			name = Dezapp;
			sourceTree = "<group>";
		};
		84AB4D651F32810C00531740 /* Cells */ = {
			isa = PBXGroup;
			children = (
				78E443871F40DF9200525F7A /* ScheduleClient */,
				788EE8991F34E65900DD8A98 /* TrainingCell */,
				842EBD2D1F33162B00A3169F /* CalendarCell */,
				842EBD2B1F33143A00A3169F /* TemplateCell */,
				842EBD231F3313FB00A3169F /* ScheduleCell */,
				BBDA2B581ECEA8DA001FB6AD /* ClientCell */,
			);
			name = Cells;
			sourceTree = "<group>";
		};
		84AB4D661F32812100531740 /* Cells */ = {
			isa = PBXGroup;
			children = (
				84AB4D691F32815400531740 /* ForgotPasswordCell */,
				84AB4D681F32814900531740 /* SignUpCell */,
				84AB4D671F32813F00531740 /* SignInCell */,
			);
			name = Cells;
			sourceTree = "<group>";
		};
		84AB4D671F32813F00531740 /* SignInCell */ = {
			isa = PBXGroup;
			children = (
				5BE3A1C51EB3196A005B35CD /* SignInCell.swift */,
				5BE3A1C61EB3196A005B35CD /* SignInCell.xib */,
			);
			name = SignInCell;
			sourceTree = "<group>";
		};
		84AB4D681F32814900531740 /* SignUpCell */ = {
			isa = PBXGroup;
			children = (
				5BE3A1C71EB3196A005B35CD /* SignUpCell.swift */,
				5BE3A1C81EB3196A005B35CD /* SignUpCell.xib */,
			);
			name = SignUpCell;
			sourceTree = "<group>";
		};
		84AB4D691F32815400531740 /* ForgotPasswordCell */ = {
			isa = PBXGroup;
			children = (
				5BE3A1C91EB3196A005B35CD /* ForgotPasswordCell.swift */,
				5BE3A1CA1EB3196A005B35CD /* ForgotPasswordCell.xib */,
			);
			name = ForgotPasswordCell;
			sourceTree = "<group>";
		};
		84AB4D6A1F32819500531740 /* LoginModel */ = {
			isa = PBXGroup;
			children = (
				5BE3A1D91EB7029E005B35CD /* LoginModel.swift */,
			);
			name = LoginModel;
			sourceTree = "<group>";
		};
		84AB4D6B1F3281D400531740 /* Extensions */ = {
			isa = PBXGroup;
			children = (
				78BBA6831F4B639A0037E7DF /* UIBarButtonItem+label */,
				780D8E941F44DABF0030A992 /* UINavigationBar */,
				84AB4D6D1F32820100531740 /* UIColor+RGB */,
				84AB4D6C1F3281DC00531740 /* UIViewController+Persuit */,
				7892A8921F4B411900BDCD79 /* UINavigationItem+leftTitle */,
			);
			name = Extensions;
			sourceTree = "<group>";
		};
		84AB4D6C1F3281DC00531740 /* UIViewController+Persuit */ = {
			isa = PBXGroup;
			children = (
				5BE3A1C11EB318B7005B35CD /* ViewControllerExt.swift */,
			);
			name = "UIViewController+Persuit";
			sourceTree = "<group>";
		};
		84AB4D6D1F32820100531740 /* UIColor+RGB */ = {
			isa = PBXGroup;
			children = (
				5B1F833B1E851B5600ABA24C /* UIColor+RGB.swift */,
			);
			name = "UIColor+RGB";
			sourceTree = "<group>";
		};
		84AB4D6E1F32821900531740 /* Resources */ = {
			isa = PBXGroup;
			children = (
				84AB4D6F1F32821F00531740 /* External */,
				5B1F830C1E850E4100ABA24C /* AppDelegate.swift */,
				842EBD301F33176F00A3169F /* Assets.xcassets */,
				5B1F83151E850E4100ABA24C /* LaunchScreen.storyboard */,
				5B1F83181E850E4100ABA24C /* Info.plist */,
				84AB4D8A1F32836B00531740 /* Pursuit-Bridging-Header.h */,
			);
			name = Resources;
			sourceTree = "<group>";
		};
		84AB4D6F1F32821F00531740 /* External */ = {
			isa = PBXGroup;
			children = (
				7832B00C1F33AC6300BC8116 /* TabPageViewController */,
				84AB4D8B1F32845400531740 /* UIView+BBBPlaceWithConstraint */,
				84AB4D831F32831400531740 /* UIView+BBBProperty */,
				84AB4D7F1F3282C300531740 /* UInavigationController+BBBRemoveController */,
				84AB4D7C1F3282AC00531740 /* TableView+BBBExtension */,
				84AB4D781F3282A400531740 /* NSObject+BBBMultyThhreading */,
				84AB4D741F32829900531740 /* CALayer+BBBProperty */,
				84AB4D701F32826700531740 /* BBBXIBView */,
			);
			name = External;
			sourceTree = "<group>";
		};
		84AB4D701F32826700531740 /* BBBXIBView */ = {
			isa = PBXGroup;
			children = (
				84AB4D711F32826700531740 /* BBBXIBView.h */,
				84AB4D721F32826700531740 /* BBBXIBView.m */,
			);
			path = BBBXIBView;
			sourceTree = "<group>";
		};
		84AB4D741F32829900531740 /* CALayer+BBBProperty */ = {
			isa = PBXGroup;
			children = (
				84AB4D751F32829900531740 /* CALayer+BBBProperty.h */,
				84AB4D761F32829900531740 /* CALayer+BBBProperty.m */,
			);
			path = "CALayer+BBBProperty";
			sourceTree = "<group>";
		};
		84AB4D781F3282A400531740 /* NSObject+BBBMultyThhreading */ = {
			isa = PBXGroup;
			children = (
				84AB4D791F3282A400531740 /* NSObject+BBBMultyThhreading.h */,
				84AB4D7A1F3282A400531740 /* NSObject+BBBMultyThhreading.m */,
			);
			path = "NSObject+BBBMultyThhreading";
			sourceTree = "<group>";
		};
		84AB4D7C1F3282AC00531740 /* TableView+BBBExtension */ = {
			isa = PBXGroup;
			children = (
				84AB4D7D1F3282AC00531740 /* TableView+BBBExtension.swift */,
			);
			path = "TableView+BBBExtension";
			sourceTree = "<group>";
		};
		84AB4D7F1F3282C300531740 /* UInavigationController+BBBRemoveController */ = {
			isa = PBXGroup;
			children = (
				84AB4D801F3282C300531740 /* UINavigationController+removeController.h */,
				84AB4D811F3282C300531740 /* UINavigationController+removeController.m */,
			);
			path = "UInavigationController+BBBRemoveController";
			sourceTree = "<group>";
		};
		84AB4D831F32831400531740 /* UIView+BBBProperty */ = {
			isa = PBXGroup;
			children = (
				84AB4D841F32831400531740 /* UIView+BBBProperty.h */,
				84AB4D851F32831400531740 /* UIView+BBBProperty.m */,
			);
			path = "UIView+BBBProperty";
			sourceTree = "<group>";
		};
		84AB4D8B1F32845400531740 /* UIView+BBBPlaceWithConstraint */ = {
			isa = PBXGroup;
			children = (
				84AB4D8C1F32845400531740 /* UIView+BBBPlaceWithConstraint.h */,
				84AB4D8D1F32845400531740 /* UIView+BBBPlaceWithConstraint.m */,
			);
			path = "UIView+BBBPlaceWithConstraint";
			sourceTree = "<group>";
		};
		84AB4D8F1F32871C00531740 /* Handlers */ = {
			isa = PBXGroup;
			children = (
				84AB4D901F3287B000531740 /* Network */,
			);
			name = Handlers;
			sourceTree = "<group>";
		};
		84AB4D901F3287B000531740 /* Network */ = {
			isa = PBXGroup;
			children = (
				84AB4D921F3287C100531740 /* API */,
				84AB4D911F3287BC00531740 /* Services */,
			);
			name = Network;
			sourceTree = "<group>";
		};
		84AB4D911F3287BC00531740 /* Services */ = {
			isa = PBXGroup;
			children = (
				84AB4D971F3287F700531740 /* AlamofireService */,
				84AB4D931F3287DD00531740 /* ServiceProtocol.swift */,
			);
			name = Services;
			sourceTree = "<group>";
		};
		84AB4D921F3287C100531740 /* API */ = {
			isa = PBXGroup;
			children = (
				84AB4D981F32881300531740 /* PSAPI */,
			);
			name = API;
			sourceTree = "<group>";
		};
		84AB4D971F3287F700531740 /* AlamofireService */ = {
			isa = PBXGroup;
			children = (
				84AB4D951F3287F400531740 /* AlamofireService.swift */,
			);
			name = AlamofireService;
			sourceTree = "<group>";
		};
		84AB4D981F32881300531740 /* PSAPI */ = {
			isa = PBXGroup;
			children = (
				84AB4D9C1F32884B00531740 /* PSAPI.swift */,
				84AB4D991F32882200531740 /* Requests */,
			);
			name = PSAPI;
			sourceTree = "<group>";
		};
		84AB4D991F32882200531740 /* Requests */ = {
			isa = PBXGroup;
			children = (
				84AB4D9A1F32883D00531740 /* PursuitAPIRequests.swift */,
			);
			name = Requests;
			sourceTree = "<group>";
		};
		84AB4D9E1F32897500531740 /* Errors */ = {
			isa = PBXGroup;
			children = (
				84AB4DA01F32899000531740 /* ErrorProtocol.swift */,
				84AB4D9F1F32897D00531740 /* PSError */,
			);
			name = Errors;
			sourceTree = "<group>";
		};
		84AB4D9F1F32897D00531740 /* PSError */ = {
			isa = PBXGroup;
			children = (
				84AB4DA21F32899C00531740 /* PSError.swift */,
			);
			name = PSError;
			sourceTree = "<group>";
		};
		BBDA2B581ECEA8DA001FB6AD /* ClientCell */ = {
			isa = PBXGroup;
			children = (
				BBDA2B521ECE6EFA001FB6AD /* ClientCell.swift */,
				BBDA2B531ECE6EFA001FB6AD /* ClientCell.xib */,
			);
			name = ClientCell;
			sourceTree = "<group>";
		};
		FD30BF9625787EF645A8E397 /* Pods */ = {
			isa = PBXGroup;
			children = (
				1A9414D73EF8AD2ED81CD96A /* Pods-Pursuit.debug.xcconfig */,
				E5925E799CFCCD7566ADA043 /* Pods-Pursuit.release.xcconfig */,
			);
			name = Pods;
			sourceTree = "<group>";
		};
/* End PBXGroup section */

/* Begin PBXNativeTarget section */
		5B1F83081E850E4100ABA24C /* Pursuit */ = {
			isa = PBXNativeTarget;
			buildConfigurationList = 5B1F83311E850E4100ABA24C /* Build configuration list for PBXNativeTarget "Pursuit" */;
			buildPhases = (
				E43F53E7F4A50ABC279F5282 /* [CP] Check Pods Manifest.lock */,
				5B1F83051E850E4100ABA24C /* Sources */,
				5B1F83061E850E4100ABA24C /* Frameworks */,
				5B1F83071E850E4100ABA24C /* Resources */,
				61BBD286CB345A8E14EBD7FB /* [CP] Embed Pods Frameworks */,
				2578E4D911B1AD5B820938B6 /* [CP] Copy Pods Resources */,
			);
			buildRules = (
			);
			dependencies = (
			);
			name = Pursuit;
			productName = Pursuit;
			productReference = 5B1F83091E850E4100ABA24C /* Pursuit.app */;
			productType = "com.apple.product-type.application";
		};
		5B1F831C1E850E4100ABA24C /* PursuitTests */ = {
			isa = PBXNativeTarget;
			buildConfigurationList = 5B1F83341E850E4100ABA24C /* Build configuration list for PBXNativeTarget "PursuitTests" */;
			buildPhases = (
				5B1F83191E850E4100ABA24C /* Sources */,
				5B1F831A1E850E4100ABA24C /* Frameworks */,
				5B1F831B1E850E4100ABA24C /* Resources */,
			);
			buildRules = (
			);
			dependencies = (
				5B1F831F1E850E4100ABA24C /* PBXTargetDependency */,
			);
			name = PursuitTests;
			productName = PursuitTests;
			productReference = 5B1F831D1E850E4100ABA24C /* PursuitTests.xctest */;
			productType = "com.apple.product-type.bundle.unit-test";
		};
		5B1F83271E850E4100ABA24C /* PursuitUITests */ = {
			isa = PBXNativeTarget;
			buildConfigurationList = 5B1F83371E850E4100ABA24C /* Build configuration list for PBXNativeTarget "PursuitUITests" */;
			buildPhases = (
				5B1F83241E850E4100ABA24C /* Sources */,
				5B1F83251E850E4100ABA24C /* Frameworks */,
				5B1F83261E850E4100ABA24C /* Resources */,
			);
			buildRules = (
			);
			dependencies = (
				5B1F832A1E850E4100ABA24C /* PBXTargetDependency */,
			);
			name = PursuitUITests;
			productName = PursuitUITests;
			productReference = 5B1F83281E850E4100ABA24C /* PursuitUITests.xctest */;
			productType = "com.apple.product-type.bundle.ui-testing";
		};
/* End PBXNativeTarget section */

/* Begin PBXProject section */
		5B1F83011E850E4100ABA24C /* Project object */ = {
			isa = PBXProject;
			attributes = {
				LastSwiftUpdateCheck = 0820;
				LastUpgradeCheck = 0820;
				ORGANIZATIONNAME = "Pursuit Health Technologies";
				TargetAttributes = {
					5B1F83081E850E4100ABA24C = {
						CreatedOnToolsVersion = 8.2.1;
						DevelopmentTeam = H3MGB2C762;
						ProvisioningStyle = Automatic;
					};
					5B1F831C1E850E4100ABA24C = {
						CreatedOnToolsVersion = 8.2.1;
						DevelopmentTeam = H3MGB2C762;
						ProvisioningStyle = Automatic;
						TestTargetID = 5B1F83081E850E4100ABA24C;
					};
					5B1F83271E850E4100ABA24C = {
						CreatedOnToolsVersion = 8.2.1;
						DevelopmentTeam = H3MGB2C762;
						ProvisioningStyle = Automatic;
						TestTargetID = 5B1F83081E850E4100ABA24C;
					};
				};
			};
			buildConfigurationList = 5B1F83041E850E4100ABA24C /* Build configuration list for PBXProject "Pursuit" */;
			compatibilityVersion = "Xcode 3.2";
			developmentRegion = English;
			hasScannedForEncodings = 0;
			knownRegions = (
				en,
				Base,
			);
			mainGroup = 5B1F83001E850E4100ABA24C;
			productRefGroup = 5B1F830A1E850E4100ABA24C /* Products */;
			projectDirPath = "";
			projectRoot = "";
			targets = (
				5B1F83081E850E4100ABA24C /* Pursuit */,
				5B1F831C1E850E4100ABA24C /* PursuitTests */,
				5B1F83271E850E4100ABA24C /* PursuitUITests */,
			);
		};
/* End PBXProject section */

/* Begin PBXResourcesBuildPhase section */
		5B1F83071E850E4100ABA24C /* Resources */ = {
			isa = PBXResourcesBuildPhase;
			buildActionMask = 2147483647;
			files = (
				5BE3A1B81EB314F9005B35CD /* Login.storyboard in Resources */,
				788EE89D1F34E68300DD8A98 /* TrainingTableViewCell.xib in Resources */,
				78CE34C41F38FDF2002BD31D /* TabPageViewController.storyboard in Resources */,
				5BE3A1CE1EB3196A005B35CD /* SignUpCell.xib in Resources */,
				842EBD311F33176F00A3169F /* Assets.xcassets in Resources */,
				5B1F83171E850E4100ABA24C /* LaunchScreen.storyboard in Resources */,
				78CE34C51F38FDF2002BD31D /* TabCollectionCell.xib in Resources */,
				842EBD201F3313E100A3169F /* ScheduleCell.xib in Resources */,
				5BE3A1CC1EB3196A005B35CD /* SignInCell.xib in Resources */,
				78CE34C11F38FDF2002BD31D /* TabView.xib in Resources */,
				842EBD2A1F33143200A3169F /* TemplateCell.xib in Resources */,
				5BE3A1D01EB3196A005B35CD /* ForgotPasswordCell.xib in Resources */,
				5B1F83121E850E4100ABA24C /* ClientMain.storyboard in Resources */,
				5BE0D0481EC588A000B11C50 /* TrainerMain.storyboard in Resources */,
				78E4438D1F40DFDF00525F7A /* ScheduleClienCell.xib in Resources */,
				BBDA2B551ECE6EFA001FB6AD /* ClientCell.xib in Resources */,
			);
			runOnlyForDeploymentPostprocessing = 0;
		};
		5B1F831B1E850E4100ABA24C /* Resources */ = {
			isa = PBXResourcesBuildPhase;
			buildActionMask = 2147483647;
			files = (
			);
			runOnlyForDeploymentPostprocessing = 0;
		};
		5B1F83261E850E4100ABA24C /* Resources */ = {
			isa = PBXResourcesBuildPhase;
			buildActionMask = 2147483647;
			files = (
			);
			runOnlyForDeploymentPostprocessing = 0;
		};
/* End PBXResourcesBuildPhase section */

/* Begin PBXShellScriptBuildPhase section */
		2578E4D911B1AD5B820938B6 /* [CP] Copy Pods Resources */ = {
			isa = PBXShellScriptBuildPhase;
			buildActionMask = 2147483647;
			files = (
			);
			inputPaths = (
			);
			name = "[CP] Copy Pods Resources";
			outputPaths = (
			);
			runOnlyForDeploymentPostprocessing = 0;
			shellPath = /bin/sh;
			shellScript = "\"${SRCROOT}/Pods/Target Support Files/Pods-Pursuit/Pods-Pursuit-resources.sh\"\n";
			showEnvVarsInLog = 0;
		};
		61BBD286CB345A8E14EBD7FB /* [CP] Embed Pods Frameworks */ = {
			isa = PBXShellScriptBuildPhase;
			buildActionMask = 2147483647;
			files = (
			);
			inputPaths = (
			);
			name = "[CP] Embed Pods Frameworks";
			outputPaths = (
			);
			runOnlyForDeploymentPostprocessing = 0;
			shellPath = /bin/sh;
			shellScript = "\"${SRCROOT}/Pods/Target Support Files/Pods-Pursuit/Pods-Pursuit-frameworks.sh\"\n";
			showEnvVarsInLog = 0;
		};
		E43F53E7F4A50ABC279F5282 /* [CP] Check Pods Manifest.lock */ = {
			isa = PBXShellScriptBuildPhase;
			buildActionMask = 2147483647;
			files = (
			);
			inputPaths = (
			);
			name = "[CP] Check Pods Manifest.lock";
			outputPaths = (
			);
			runOnlyForDeploymentPostprocessing = 0;
			shellPath = /bin/sh;
			shellScript = "diff \"${PODS_PODFILE_DIR_PATH}/Podfile.lock\" \"${PODS_ROOT}/Manifest.lock\" > /dev/null\nif [ $? != 0 ] ; then\n    # print error to STDERR\n    echo \"error: The sandbox is not in sync with the Podfile.lock. Run 'pod install' or update your CocoaPods installation.\" >&2\n    exit 1\nfi\n";
			showEnvVarsInLog = 0;
		};
/* End PBXShellScriptBuildPhase section */

/* Begin PBXSourcesBuildPhase section */
		5B1F83051E850E4100ABA24C /* Sources */ = {
			isa = PBXSourcesBuildPhase;
			buildActionMask = 2147483647;
			files = (
				780D8E961F44DAD90030A992 /* UINavigationBar.swift in Sources */,
				78CE34B91F38FDDE002BD31D /* TabPageOption.swift in Sources */,
				84AB4D4E1F324A3600531740 /* PursuitNVC.swift in Sources */,
				842EBD2F1F33163800A3169F /* CalendarCell.swift in Sources */,
				84AB4D731F32826700531740 /* BBBXIBView.m in Sources */,
				78179B891F54982C00520D08 /* User+API.swift in Sources */,
				7832AFE71F331CAB00BC8116 /* MainAuthVC.swift in Sources */,
				5BE3A1D71EB319E5005B35CD /* DezappButton.swift in Sources */,
				84AB4D941F3287DD00531740 /* ServiceProtocol.swift in Sources */,
				842EBD1F1F3313E100A3169F /* ScheduleCell.swift in Sources */,
				84AB4D771F32829900531740 /* CALayer+BBBProperty.m in Sources */,
				5BE3A1CD1EB3196A005B35CD /* SignUpCell.swift in Sources */,
				78E4438C1F40DFDF00525F7A /* ScheduleClienCell.swift in Sources */,
				842EBD1C1F3313C300A3169F /* ScheduleVC.swift in Sources */,
				788EE8A01F379ACA00DD8A98 /* CreateTemplateVC.swift in Sources */,
				7832AFE91F331D1D00BC8116 /* SignUpVC.swift in Sources */,
				5BE3A1CB1EB3196A005B35CD /* SignInCell.swift in Sources */,
				84AB4D961F3287F400531740 /* AlamofireService.swift in Sources */,
				5BE3A1CF1EB3196A005B35CD /* ForgotPasswordCell.swift in Sources */,
				78BBA6851F4B63C00037E7DF /* UIBarButtonItem+label.swift in Sources */,
				780D8E901F4360FE0030A992 /* Template.swift in Sources */,
				78A422EB1F3CBF2000597913 /* ForgotPasswordViewController.swift in Sources */,
				84AB4DA31F32899C00531740 /* PSError.swift in Sources */,
				84AB4D7B1F3282A400531740 /* NSObject+BBBMultyThhreading.m in Sources */,
				5B1F833C1E851B5600ABA24C /* UIColor+RGB.swift in Sources */,
				84AB4D861F32831400531740 /* UIView+BBBProperty.m in Sources */,
				78CE34C21F38FDF2002BD31D /* TabView.swift in Sources */,
				84AB4D821F3282C300531740 /* UINavigationController+removeController.m in Sources */,
				84AB4D9D1F32884B00531740 /* PSAPI.swift in Sources */,
				5BE3A1D51EB319E5005B35CD /* DezappTextField.swift in Sources */,
				842EBD391F33188900A3169F /* ExampleBouncesContentView.swift in Sources */,
				5BE3A1D61EB319E5005B35CD /* DezappLabel.swift in Sources */,
				5BE3A1DA1EB7029E005B35CD /* LoginModel.swift in Sources */,
				842EBD381F33188900A3169F /* ExampleBasicContentView.swift in Sources */,
				842EBD331F33181700A3169F /* TrainerTBC.swift in Sources */,
				78CE34C31F38FDF2002BD31D /* TabPageViewController.swift in Sources */,
				7892A8911F4B411400BDCD79 /* UINavigationItem+leftTitle.swift in Sources */,
				78FA53DF1F47794200C38413 /* DateFormater+formats.swift in Sources */,
				842EBD261F33142B00A3169F /* TemplatesVC.swift in Sources */,
				84AB4D9B1F32883D00531740 /* PursuitAPIRequests.swift in Sources */,
				84AB4D8E1F32845400531740 /* UIView+BBBPlaceWithConstraint.m in Sources */,
				78E4438F1F40E3EB00525F7A /* CustomTextField.swift in Sources */,
				842EBD221F3313EE00A3169F /* ScheduleClientVC.swift in Sources */,
				788EE89C1F34E68300DD8A98 /* TrainingTableViewCell.swift in Sources */,
				78CE34C61F38FDF2002BD31D /* TabCollectionCell.swift in Sources */,
				BBDA2B541ECE6EFA001FB6AD /* ClientCell.swift in Sources */,
				BBDA2B571ECE7AA6001FB6AD /* ClientsVC.swift in Sources */,
				84AB4D7E1F3282AC00531740 /* TableView+BBBExtension.swift in Sources */,
				5B1F830D1E850E4100ABA24C /* AppDelegate.swift in Sources */,
				7832AFEB1F331D2600BC8116 /* SignInVC.swift in Sources */,
				5BE3A1C21EB318B7005B35CD /* ViewControllerExt.swift in Sources */,
				84AB4DA11F32899000531740 /* ErrorProtocol.swift in Sources */,
				842EBD291F33143200A3169F /* TemplateCell.swift in Sources */,
				842EBD3A1F33188900A3169F /* ExampleIrregularityContentView.swift in Sources */,
				788EE8981F34DD5500DD8A98 /* TrainingVC.swift in Sources */,
				78179B871F54977500520D08 /* User.swift in Sources */,
			);
			runOnlyForDeploymentPostprocessing = 0;
		};
		5B1F83191E850E4100ABA24C /* Sources */ = {
			isa = PBXSourcesBuildPhase;
			buildActionMask = 2147483647;
			files = (
				5B1F83221E850E4100ABA24C /* PursuitTests.swift in Sources */,
			);
			runOnlyForDeploymentPostprocessing = 0;
		};
		5B1F83241E850E4100ABA24C /* Sources */ = {
			isa = PBXSourcesBuildPhase;
			buildActionMask = 2147483647;
			files = (
				5B1F832D1E850E4100ABA24C /* PursuitUITests.swift in Sources */,
			);
			runOnlyForDeploymentPostprocessing = 0;
		};
/* End PBXSourcesBuildPhase section */

/* Begin PBXTargetDependency section */
		5B1F831F1E850E4100ABA24C /* PBXTargetDependency */ = {
			isa = PBXTargetDependency;
			target = 5B1F83081E850E4100ABA24C /* Pursuit */;
			targetProxy = 5B1F831E1E850E4100ABA24C /* PBXContainerItemProxy */;
		};
		5B1F832A1E850E4100ABA24C /* PBXTargetDependency */ = {
			isa = PBXTargetDependency;
			target = 5B1F83081E850E4100ABA24C /* Pursuit */;
			targetProxy = 5B1F83291E850E4100ABA24C /* PBXContainerItemProxy */;
		};
/* End PBXTargetDependency section */

/* Begin PBXVariantGroup section */
		5B1F83101E850E4100ABA24C /* ClientMain.storyboard */ = {
			isa = PBXVariantGroup;
			children = (
				5B1F83111E850E4100ABA24C /* Base */,
			);
			name = ClientMain.storyboard;
			sourceTree = "<group>";
		};
		5B1F83151E850E4100ABA24C /* LaunchScreen.storyboard */ = {
			isa = PBXVariantGroup;
			children = (
				5B1F83161E850E4100ABA24C /* Base */,
			);
			name = LaunchScreen.storyboard;
			sourceTree = "<group>";
		};
/* End PBXVariantGroup section */

/* Begin XCBuildConfiguration section */
		5B1F832F1E850E4100ABA24C /* Debug */ = {
			isa = XCBuildConfiguration;
			buildSettings = {
				ALWAYS_SEARCH_USER_PATHS = NO;
				CLANG_ANALYZER_NONNULL = YES;
				CLANG_CXX_LANGUAGE_STANDARD = "gnu++0x";
				CLANG_CXX_LIBRARY = "libc++";
				CLANG_ENABLE_MODULES = YES;
				CLANG_ENABLE_OBJC_ARC = YES;
				CLANG_WARN_BOOL_CONVERSION = YES;
				CLANG_WARN_CONSTANT_CONVERSION = YES;
				CLANG_WARN_DIRECT_OBJC_ISA_USAGE = YES_ERROR;
				CLANG_WARN_DOCUMENTATION_COMMENTS = YES;
				CLANG_WARN_EMPTY_BODY = YES;
				CLANG_WARN_ENUM_CONVERSION = YES;
				CLANG_WARN_INFINITE_RECURSION = YES;
				CLANG_WARN_INT_CONVERSION = YES;
				CLANG_WARN_OBJC_ROOT_CLASS = YES_ERROR;
				CLANG_WARN_SUSPICIOUS_MOVE = YES;
				CLANG_WARN_UNREACHABLE_CODE = YES;
				CLANG_WARN__DUPLICATE_METHOD_MATCH = YES;
				"CODE_SIGN_IDENTITY[sdk=iphoneos*]" = "iPhone Developer";
				COPY_PHASE_STRIP = NO;
				DEBUG_INFORMATION_FORMAT = dwarf;
				ENABLE_STRICT_OBJC_MSGSEND = YES;
				ENABLE_TESTABILITY = YES;
				GCC_C_LANGUAGE_STANDARD = gnu99;
				GCC_DYNAMIC_NO_PIC = NO;
				GCC_NO_COMMON_BLOCKS = YES;
				GCC_OPTIMIZATION_LEVEL = 0;
				GCC_PREPROCESSOR_DEFINITIONS = (
					"DEBUG=1",
					"$(inherited)",
				);
				GCC_WARN_64_TO_32_BIT_CONVERSION = YES;
				GCC_WARN_ABOUT_RETURN_TYPE = YES_ERROR;
				GCC_WARN_UNDECLARED_SELECTOR = YES;
				GCC_WARN_UNINITIALIZED_AUTOS = YES_AGGRESSIVE;
				GCC_WARN_UNUSED_FUNCTION = YES;
				GCC_WARN_UNUSED_VARIABLE = YES;
				IPHONEOS_DEPLOYMENT_TARGET = 10.2;
				MTL_ENABLE_DEBUG_INFO = YES;
				ONLY_ACTIVE_ARCH = YES;
				SDKROOT = iphoneos;
				SWIFT_ACTIVE_COMPILATION_CONDITIONS = DEBUG;
				SWIFT_OPTIMIZATION_LEVEL = "-Onone";
			};
			name = Debug;
		};
		5B1F83301E850E4100ABA24C /* Release */ = {
			isa = XCBuildConfiguration;
			buildSettings = {
				ALWAYS_SEARCH_USER_PATHS = NO;
				CLANG_ANALYZER_NONNULL = YES;
				CLANG_CXX_LANGUAGE_STANDARD = "gnu++0x";
				CLANG_CXX_LIBRARY = "libc++";
				CLANG_ENABLE_MODULES = YES;
				CLANG_ENABLE_OBJC_ARC = YES;
				CLANG_WARN_BOOL_CONVERSION = YES;
				CLANG_WARN_CONSTANT_CONVERSION = YES;
				CLANG_WARN_DIRECT_OBJC_ISA_USAGE = YES_ERROR;
				CLANG_WARN_DOCUMENTATION_COMMENTS = YES;
				CLANG_WARN_EMPTY_BODY = YES;
				CLANG_WARN_ENUM_CONVERSION = YES;
				CLANG_WARN_INFINITE_RECURSION = YES;
				CLANG_WARN_INT_CONVERSION = YES;
				CLANG_WARN_OBJC_ROOT_CLASS = YES_ERROR;
				CLANG_WARN_SUSPICIOUS_MOVE = YES;
				CLANG_WARN_UNREACHABLE_CODE = YES;
				CLANG_WARN__DUPLICATE_METHOD_MATCH = YES;
				"CODE_SIGN_IDENTITY[sdk=iphoneos*]" = "iPhone Developer";
				COPY_PHASE_STRIP = NO;
				DEBUG_INFORMATION_FORMAT = "dwarf-with-dsym";
				ENABLE_NS_ASSERTIONS = NO;
				ENABLE_STRICT_OBJC_MSGSEND = YES;
				GCC_C_LANGUAGE_STANDARD = gnu99;
				GCC_NO_COMMON_BLOCKS = YES;
				GCC_WARN_64_TO_32_BIT_CONVERSION = YES;
				GCC_WARN_ABOUT_RETURN_TYPE = YES_ERROR;
				GCC_WARN_UNDECLARED_SELECTOR = YES;
				GCC_WARN_UNINITIALIZED_AUTOS = YES_AGGRESSIVE;
				GCC_WARN_UNUSED_FUNCTION = YES;
				GCC_WARN_UNUSED_VARIABLE = YES;
				IPHONEOS_DEPLOYMENT_TARGET = 10.2;
				MTL_ENABLE_DEBUG_INFO = NO;
				SDKROOT = iphoneos;
				SWIFT_OPTIMIZATION_LEVEL = "-Owholemodule";
				VALIDATE_PRODUCT = YES;
			};
			name = Release;
		};
		5B1F83321E850E4100ABA24C /* Debug */ = {
			isa = XCBuildConfiguration;
			baseConfigurationReference = 1A9414D73EF8AD2ED81CD96A /* Pods-Pursuit.debug.xcconfig */;
			buildSettings = {
				ASSETCATALOG_COMPILER_APPICON_NAME = AppIcon;
				DEVELOPMENT_TEAM = H3MGB2C762;
				INFOPLIST_FILE = Pursuit/Info.plist;
				LD_RUNPATH_SEARCH_PATHS = "$(inherited) @executable_path/Frameworks";
				PRODUCT_BUNDLE_IDENTIFIER = com.pursuithealth.Pursuit;
				PRODUCT_NAME = "$(TARGET_NAME)";
				SWIFT_OBJC_BRIDGING_HEADER = "Pursuit/Pursuit-Bridging-Header.h";
				SWIFT_VERSION = 3.0;
			};
			name = Debug;
		};
		5B1F83331E850E4100ABA24C /* Release */ = {
			isa = XCBuildConfiguration;
			baseConfigurationReference = E5925E799CFCCD7566ADA043 /* Pods-Pursuit.release.xcconfig */;
			buildSettings = {
				ASSETCATALOG_COMPILER_APPICON_NAME = AppIcon;
				DEVELOPMENT_TEAM = H3MGB2C762;
				INFOPLIST_FILE = Pursuit/Info.plist;
				LD_RUNPATH_SEARCH_PATHS = "$(inherited) @executable_path/Frameworks";
				PRODUCT_BUNDLE_IDENTIFIER = com.pursuithealth.Pursuit;
				PRODUCT_NAME = "$(TARGET_NAME)";
				SWIFT_OBJC_BRIDGING_HEADER = "Pursuit/Pursuit-Bridging-Header.h";
				SWIFT_OPTIMIZATION_LEVEL = "-Onone";
				SWIFT_VERSION = 3.0;
			};
			name = Release;
		};
		5B1F83351E850E4100ABA24C /* Debug */ = {
			isa = XCBuildConfiguration;
			buildSettings = {
				ALWAYS_EMBED_SWIFT_STANDARD_LIBRARIES = YES;
				BUNDLE_LOADER = "$(TEST_HOST)";
				DEVELOPMENT_TEAM = H3MGB2C762;
				INFOPLIST_FILE = PursuitTests/Info.plist;
				LD_RUNPATH_SEARCH_PATHS = "$(inherited) @executable_path/Frameworks @loader_path/Frameworks";
				PRODUCT_BUNDLE_IDENTIFIER = com.pursuithealth.PursuitTests;
				PRODUCT_NAME = "$(TARGET_NAME)";
				SWIFT_VERSION = 3.0;
				TEST_HOST = "$(BUILT_PRODUCTS_DIR)/Pursuit.app/Pursuit";
			};
			name = Debug;
		};
		5B1F83361E850E4100ABA24C /* Release */ = {
			isa = XCBuildConfiguration;
			buildSettings = {
				ALWAYS_EMBED_SWIFT_STANDARD_LIBRARIES = YES;
				BUNDLE_LOADER = "$(TEST_HOST)";
				DEVELOPMENT_TEAM = H3MGB2C762;
				INFOPLIST_FILE = PursuitTests/Info.plist;
				LD_RUNPATH_SEARCH_PATHS = "$(inherited) @executable_path/Frameworks @loader_path/Frameworks";
				PRODUCT_BUNDLE_IDENTIFIER = com.pursuithealth.PursuitTests;
				PRODUCT_NAME = "$(TARGET_NAME)";
				SWIFT_VERSION = 3.0;
				TEST_HOST = "$(BUILT_PRODUCTS_DIR)/Pursuit.app/Pursuit";
			};
			name = Release;
		};
		5B1F83381E850E4100ABA24C /* Debug */ = {
			isa = XCBuildConfiguration;
			buildSettings = {
				ALWAYS_EMBED_SWIFT_STANDARD_LIBRARIES = YES;
				DEVELOPMENT_TEAM = H3MGB2C762;
				INFOPLIST_FILE = PursuitUITests/Info.plist;
				LD_RUNPATH_SEARCH_PATHS = "$(inherited) @executable_path/Frameworks @loader_path/Frameworks";
				PRODUCT_BUNDLE_IDENTIFIER = com.pursuithealth.PursuitUITests;
				PRODUCT_NAME = "$(TARGET_NAME)";
				SWIFT_VERSION = 3.0;
				TEST_TARGET_NAME = Pursuit;
			};
			name = Debug;
		};
		5B1F83391E850E4100ABA24C /* Release */ = {
			isa = XCBuildConfiguration;
			buildSettings = {
				ALWAYS_EMBED_SWIFT_STANDARD_LIBRARIES = YES;
				DEVELOPMENT_TEAM = H3MGB2C762;
				INFOPLIST_FILE = PursuitUITests/Info.plist;
				LD_RUNPATH_SEARCH_PATHS = "$(inherited) @executable_path/Frameworks @loader_path/Frameworks";
				PRODUCT_BUNDLE_IDENTIFIER = com.pursuithealth.PursuitUITests;
				PRODUCT_NAME = "$(TARGET_NAME)";
				SWIFT_VERSION = 3.0;
				TEST_TARGET_NAME = Pursuit;
			};
			name = Release;
		};
/* End XCBuildConfiguration section */

/* Begin XCConfigurationList section */
		5B1F83041E850E4100ABA24C /* Build configuration list for PBXProject "Pursuit" */ = {
			isa = XCConfigurationList;
			buildConfigurations = (
				5B1F832F1E850E4100ABA24C /* Debug */,
				5B1F83301E850E4100ABA24C /* Release */,
			);
			defaultConfigurationIsVisible = 0;
			defaultConfigurationName = Release;
		};
		5B1F83311E850E4100ABA24C /* Build configuration list for PBXNativeTarget "Pursuit" */ = {
			isa = XCConfigurationList;
			buildConfigurations = (
				5B1F83321E850E4100ABA24C /* Debug */,
				5B1F83331E850E4100ABA24C /* Release */,
			);
			defaultConfigurationIsVisible = 0;
			defaultConfigurationName = Release;
		};
		5B1F83341E850E4100ABA24C /* Build configuration list for PBXNativeTarget "PursuitTests" */ = {
			isa = XCConfigurationList;
			buildConfigurations = (
				5B1F83351E850E4100ABA24C /* Debug */,
				5B1F83361E850E4100ABA24C /* Release */,
			);
			defaultConfigurationIsVisible = 0;
			defaultConfigurationName = Release;
		};
		5B1F83371E850E4100ABA24C /* Build configuration list for PBXNativeTarget "PursuitUITests" */ = {
			isa = XCConfigurationList;
			buildConfigurations = (
				5B1F83381E850E4100ABA24C /* Debug */,
				5B1F83391E850E4100ABA24C /* Release */,
			);
			defaultConfigurationIsVisible = 0;
			defaultConfigurationName = Release;
		};
/* End XCConfigurationList section */
	};
	rootObject = 5B1F83011E850E4100ABA24C /* Project object */;
}
