PODS:
  - Alamofire (4.5.1)
  - AlamofireObjectMapper (4.1.0):
    - Alamofire (~> 4.1)
    - ObjectMapper (~> 2.0)
  - BlocksKit (2.2.5):
    - BlocksKit/All (= 2.2.5)
  - BlocksKit/All (2.2.5):
    - BlocksKit/Core
    - BlocksKit/DynamicDelegate
    - BlocksKit/MessageUI
    - BlocksKit/UIKit
  - BlocksKit/Core (2.2.5)
  - BlocksKit/DynamicDelegate (2.2.5)
  - BlocksKit/MessageUI (2.2.5):
    - BlocksKit/Core
    - BlocksKit/DynamicDelegate
  - BlocksKit/UIKit (2.2.5):
    - BlocksKit/Core
    - BlocksKit/DynamicDelegate
  - Crashlytics (3.9.3):
    - Fabric (~> 1.7.2)
  - DeepLinkKit (1.4.0)
  - ESTabBarController-swift (2.5)
  - Fabric (1.7.2)
  - HMSegmentedControl (1.5.4)
  - HTTPStatusCodes (3.1.2)
  - IQKeyboardManagerSwift (5.0.6)
  - JTAppleCalendar (7.1.4)
  - KeychainAccess (3.1.0)
  - KVNProgress (2.3.1)
  - ObjectMapper (2.2.9)
  - PIDatePicker (0.1.3)
  - pop (1.0.10)
  - RHDisplayLinkStepper (1.0.0)
  - SDWebImage (4.2.2):
    - SDWebImage/Core (= 4.2.2)
  - SDWebImage/Core (4.2.2)
  - SHTextFieldBlocks (1.1.1)
  - SVProgressHUD (2.2.2)
  - SwiftDate (4.1.11)
  - SwipeCellKit (1.9.1)
  - TPKeyboardAvoiding (1.3.2)

DEPENDENCIES:
  - AlamofireObjectMapper (~> 4.1)
  - BlocksKit (~> 2.2)
  - Crashlytics
  - DeepLinkKit (~> 1.4)
  - ESTabBarController-swift
  - Fabric
  - HMSegmentedControl
  - HTTPStatusCodes (~> 3.1)
  - IQKeyboardManagerSwift (~> 5.0)
  - JTAppleCalendar (~> 7.0)
  - KeychainAccess (~> 3.0)
  - KVNProgress
  - PIDatePicker (~> 0.1)
  - pop (~> 1.0)
  - RHDisplayLinkStepper (~> 1.0)
  - SDWebImage (~> 4.1)
  - SHTextFieldBlocks (~> 1.1)
  - SVProgressHUD (~> 2.1)
  - SwiftDate (~> 4.1.11)
  - SwipeCellKit (~> 1.9.1)
  - TPKeyboardAvoiding (~> 1.3)

SPEC CHECKSUMS:
  Alamofire: 2d95912bf4c34f164fdfc335872e8c312acaea4a
  AlamofireObjectMapper: 435adc82f5b367679bd9e71c4974a54efd0b2521
  BlocksKit: 7f422b971407001178d181a43b99014ea2591fe6
  Crashlytics: dbb07d01876c171c5ccbdf7826410380189e452c
  DeepLinkKit: bffd3b5e51549222f974d631b4e0e7484600b9d8
  ESTabBarController-swift: 8daa432f2a9be8ebd25101dc46c84472fd760512
  Fabric: 9cd6a848efcf1b8b07497e0b6a2e7d336353ba15
  HMSegmentedControl: b25bc4ec44766e073d62c473188fb354ee244b76
  HTTPStatusCodes: 88155ba36826366a898a7b4f34d311f49083d546
  IQKeyboardManagerSwift: 02bfbb0dff71c66d0ab77d80d25dfce0c3717735
  JTAppleCalendar: aaeee95e939e0b0a381fb51eb77738bd26bb10f6
  KeychainAccess: 94c5540b32eabf7bc32bfb976a268e8ea05fd6da
  KVNProgress: 8167b1f19e2758290c0b6143020ed9dcbb0477a1
  ObjectMapper: 63cfe41bc6f8e7c8f44344c49901b8ae7de14c52
  PIDatePicker: 5044778bdd2ca2f62ca27263ae22c6f48fb74517
  pop: 82ca6b068ce9278fd350fd9dd09482a0ce9492e6
  RHDisplayLinkStepper: 000ea5b06588eed23ffff66c8c8735f5e4e9a7c8
  SDWebImage: 89a9d32cd520bbb46eb14e541d5109b3564af198
  SHTextFieldBlocks: 5ecaaff2051371e86ae4dffb7a6eab37b80aa56d
  SVProgressHUD: 59b2d3dabacbd051576d21d32293ca7228dc18b0
  SwiftDate: ab63a5f0299dbb57fc088c1a2e5314b4bc9c90bb
  SwipeCellKit: e9ff953c820394a4e641cfb0118b6c959506aec2
  TPKeyboardAvoiding: cb69d5ddbe90ce0170e4bc2db1e5e41d4a3ad9a4

PODFILE CHECKSUM: 3140ba507f22606db12c88b2efa1b7ec2b7448bc

COCOAPODS: 1.2.1
