PODS:
  - Alamofire (4.5.0)
  - AlamofireObjectMapper (4.1.0):
    - Alamofire (~> 4.1)
    - ObjectMapper (~> 2.0)
  - Crashlytics (3.8.4):
    - Fabric (~> 1.6.3)
  - ESTabBarController-swift (2.4)
  - Fabric (1.6.11)
  - HMSegmentedControl (1.5.3)
  - IQKeyboardManagerSwift (4.0.11)
  - JTAppleCalendar (7.0.6)
  - KVNProgress (2.3.1)
  - ObjectMapper (2.2.8)
  - pop (1.0.10)
  - SDWebImage (4.1.0):
    - SDWebImage/Core (= 4.1.0)
  - SDWebImage/Core (4.1.0)
  - SVProgressHUD (2.1.2)
  - SwipeCellKit (1.8.0)
  - TabPageViewController (0.2.7)
  - TPKeyboardAvoiding (1.3.1)

DEPENDENCIES:
  - AlamofireObjectMapper (~> 4.1)
  - Crashlytics
  - ESTabBarController-swift
  - Fabric
  - HMSegmentedControl
  - IQKeyboardManagerSwift
  - JTAppleCalendar (~> 7.0)
  - KVNProgress
  - pop (~> 1.0)
  - SDWebImage (~> 4.1)
  - SVProgressHUD (~> 2.1)
  - SwipeCellKit
  - TabPageViewController (~> 0.2)
  - TPKeyboardAvoiding (~> 1.3)

SPEC CHECKSUMS:
  Alamofire: f28cdffd29de33a7bfa022cbd63ae95a27fae140
  AlamofireObjectMapper: 435adc82f5b367679bd9e71c4974a54efd0b2521
  Crashlytics: 79e236942ca1e7fc641df1feb9a275360a78ab6a
  ESTabBarController-swift: af496895039ba10ae60bf825473c45f23fc5c8b6
  Fabric: 5911403591946b8228ab1c51d98f1d7137e863c6
  HMSegmentedControl: 7c6145afb50f26cec5f3243082f6f12b9f41318f
  IQKeyboardManagerSwift: 10f0a6b8ea2904c8943c0e1a116c99f5b8ad83af
  JTAppleCalendar: 6a942475e33b9ad4dee0a0e14aa4c63adcf4f543
  KVNProgress: 8167b1f19e2758290c0b6143020ed9dcbb0477a1
  ObjectMapper: 3d571bb5af471c779e1160828cd9ad5c4ef90958
  pop: 82ca6b068ce9278fd350fd9dd09482a0ce9492e6
  SDWebImage: 0e435c14e402a6730315a0fb79f95e68654d55a4
  SVProgressHUD: c404a55d78acbeb7ebb78b76d3faf986475a6994
  SwipeCellKit: 01a58bf7e63d5df09aedd161828833944c4c333c
  TabPageViewController: c37a1257a50c2b50712dde61bf499768eee95b67
  TPKeyboardAvoiding: 0d6af20e95e2850f4c621841225b59ec7d8dd852

PODFILE CHECKSUM: 5b0989dba5cc095960d19a20be21eb31c3cb13b8

COCOAPODS: 1.2.1
